
Microsoft Visual Studio Solution File, Format Version 12.00
# Visual Studio Version 17
VisualStudioVersion = 17.0.31903.59
MinimumVisualStudioVersion = 10.0.40219.1
Project("{FAE04EC0-301F-11D3-BF4B-00C04F79EFBC}") = "01-VariablesAndTypes", "01-VariablesAndTypes\01-VariablesAndTypes.csproj", "{1A2B3C4D-5E6F-7890-AB12-345678901234}"
EndProject
Project("{FAE04EC0-301F-11D3-BF4B-00C04F79EFBC}") = "02-Conditionals", "02-Conditionals\02-Conditionals.csproj", "{2A2B3C4D-5E6F-7890-AB12-345678901235}"
EndProject
Project("{FAE04EC0-301F-11D3-BF4B-00C04F79EFBC}") = "03-Loops", "03-Loops\03-Loops.csproj", "{3A2B3C4D-5E6F-7890-AB12-345678901236}"
EndProject
Project("{FAE04EC0-301F-11D3-BF4B-00C04F79EFBC}") = "04-Methods", "04-Methods\04-Methods.csproj", "{4A2B3C4D-5E6F-7890-AB12-345678901237}"
EndProject
Project("{FAE04EC0-301F-11D3-BF4B-00C04F79EFBC}") = "05-DRYRefactoring", "05-DRYRefactoring\05-DRYRefactoring.csproj", "{5A2B3C4D-5E6F-7890-AB12-345678901238}"
EndProject
Project("{FAE04EC0-301F-11D3-BF4B-00C04F79EFBC}") = "06-ClassesAndObjects", "06-ClassesAndObjects\06-ClassesAndObjects.csproj", "{6A2B3C4D-5E6F-7890-AB12-345678901239}"
EndProject
Project("{FAE04EC0-301F-11D3-BF4B-00C04F79EFBC}") = "07-Collections", "07-Collections\07-Collections.csproj", "{7A2B3C4D-5E6F-7890-AB12-345678901240}"
EndProject
Project("{FAE04EC0-301F-11D3-BF4B-00C04F79EFBC}") = "08-EnumsAndSwitch", "08-EnumsAndSwitch\08-EnumsAndSwitch.csproj", "{8A2B3C4D-5E6F-7890-AB12-345678901241}"
EndProject
Project("{FAE04EC0-301F-11D3-BF4B-00C04F79EFBC}") = "09-ErrorHandling", "09-ErrorHandling\09-ErrorHandling.csproj", "{9A2B3C4D-5E6F-7890-AB12-345678901242}"
EndProject
Global
	GlobalSection(SolutionConfigurationPlatforms) = preSolution
		Debug|Any CPU = Debug|Any CPU
		Release|Any CPU = Release|Any CPU
	EndGlobalSection
	GlobalSection(ProjectConfigurationPlatforms) = postSolution
		{1A2B3C4D-5E6F-7890-AB12-345678901234}.Debug|Any CPU.ActiveCfg = Debug|Any CPU
		{1A2B3C4D-5E6F-7890-AB12-345678901234}.Debug|Any CPU.Build.0 = Debug|Any CPU
		{1A2B3C4D-5E6F-7890-AB12-345678901234}.Release|Any CPU.ActiveCfg = Release|Any CPU
		{1A2B3C4D-5E6F-7890-AB12-345678901234}.Release|Any CPU.Build.0 = Release|Any CPU
		{2A2B3C4D-5E6F-7890-AB12-345678901235}.Debug|Any CPU.ActiveCfg = Debug|Any CPU
		{2A2B3C4D-5E6F-7890-AB12-345678901235}.Debug|Any CPU.Build.0 = Debug|Any CPU
		{2A2B3C4D-5E6F-7890-AB12-345678901235}.Release|Any CPU.ActiveCfg = Release|Any CPU
		{2A2B3C4D-5E6F-7890-AB12-345678901235}.Release|Any CPU.Build.0 = Release|Any CPU
		{3A2B3C4D-5E6F-7890-AB12-345678901236}.Debug|Any CPU.ActiveCfg = Debug|Any CPU
		{3A2B3C4D-5E6F-7890-AB12-345678901236}.Debug|Any CPU.Build.0 = Debug|Any CPU
		{3A2B3C4D-5E6F-7890-AB12-345678901236}.Release|Any CPU.ActiveCfg = Release|Any CPU
		{3A2B3C4D-5E6F-7890-AB12-345678901236}.Release|Any CPU.Build.0 = Release|Any CPU
		{4A2B3C4D-5E6F-7890-AB12-345678901237}.Debug|Any CPU.ActiveCfg = Debug|Any CPU
		{4A2B3C4D-5E6F-7890-AB12-345678901237}.Debug|Any CPU.Build.0 = Debug|Any CPU
		{4A2B3C4D-5E6F-7890-AB12-345678901237}.Release|Any CPU.ActiveCfg = Release|Any CPU
		{4A2B3C4D-5E6F-7890-AB12-345678901237}.Release|Any CPU.Build.0 = Release|Any CPU
		{5A2B3C4D-5E6F-7890-AB12-345678901238}.Debug|Any CPU.ActiveCfg = Debug|Any CPU
		{5A2B3C4D-5E6F-7890-AB12-345678901238}.Debug|Any CPU.Build.0 = Debug|Any CPU
		{5A2B3C4D-5E6F-7890-AB12-345678901238}.Release|Any CPU.ActiveCfg = Release|Any CPU
		{5A2B3C4D-5E6F-7890-AB12-345678901238}.Release|Any CPU.Build.0 = Release|Any CPU
		{6A2B3C4D-5E6F-7890-AB12-345678901239}.Debug|Any CPU.ActiveCfg = Debug|Any CPU
		{6A2B3C4D-5E6F-7890-AB12-345678901239}.Debug|Any CPU.Build.0 = Debug|Any CPU
		{6A2B3C4D-5E6F-7890-AB12-345678901239}.Release|Any CPU.ActiveCfg = Release|Any CPU
		{6A2B3C4D-5E6F-7890-AB12-345678901239}.Release|Any CPU.Build.0 = Release|Any CPU
		{7A2B3C4D-5E6F-7890-AB12-345678901240}.Debug|Any CPU.ActiveCfg = Debug|Any CPU
		{7A2B3C4D-5E6F-7890-AB12-345678901240}.Debug|Any CPU.Build.0 = Debug|Any CPU
		{7A2B3C4D-5E6F-7890-AB12-345678901240}.Release|Any CPU.ActiveCfg = Release|Any CPU
		{7A2B3C4D-5E6F-7890-AB12-345678901240}.Release|Any CPU.Build.0 = Release|Any CPU
		{8A2B3C4D-5E6F-7890-AB12-345678901241}.Debug|Any CPU.ActiveCfg = Debug|Any CPU
		{8A2B3C4D-5E6F-7890-AB12-345678901241}.Debug|Any CPU.Build.0 = Debug|Any CPU
		{8A2B3C4D-5E6F-7890-AB12-345678901241}.Release|Any CPU.ActiveCfg = Release|Any CPU
		{8A2B3C4D-5E6F-7890-AB12-345678901241}.Release|Any CPU.Build.0 = Release|Any CPU
		{9A2B3C4D-5E6F-7890-AB12-345678901242}.Debug|Any CPU.ActiveCfg = Debug|Any CPU
		{9A2B3C4D-5E6F-7890-AB12-345678901242}.Debug|Any CPU.Build.0 = Debug|Any CPU
		{9A2B3C4D-5E6F-7890-AB12-345678901242}.Release|Any CPU.ActiveCfg = Release|Any CPU
		{9A2B3C4D-5E6F-7890-AB12-345678901242}.Release|Any CPU.Build.0 = Release|Any CPU
	EndGlobalSection
EndGlobal
