
Microsoft Visual Studio Solution File, Format Version 12.00
# Visual Studio Version 17
VisualStudioVersion = 17.0.31903.59
MinimumVisualStudioVersion = 10.0.40219.1
Project("{FAE04EC0-301F-11D3-BF4B-00C04F79EFBC}") = "01-VariablesAndTypes", "01-VariablesAndTypes\01-VariablesAndTypes.csproj", "{0A842BC2-0C85-4A53-89FF-5C9085B412CF}"
EndProject
Project("{FAE04EC0-301F-11D3-BF4B-00C04F79EFBC}") = "02-Conditionals", "02-Conditionals\02-Conditionals.csproj", "{95121D4E-833E-48BB-83B7-32E3B5C40355}"
EndProject
Project("{FAE04EC0-301F-11D3-BF4B-00C04F79EFBC}") = "03-Loops", "03-Loops\03-Loops.csproj", "{3905130A-DEEC-4328-AA80-726E5B4EADA6}"
EndProject
Project("{FAE04EC0-301F-11D3-BF4B-00C04F79EFBC}") = "04-Methods", "04-Methods\04-Methods.csproj", "{381FAED4-5248-43A4-A80F-B7C0651A8FB6}"
EndProject
Project("{FAE04EC0-301F-11D3-BF4B-00C04F79EFBC}") = "05-ClassesAndObjects", "05-ClassesAndObjects\05-ClassesAndObjects.csproj", "{F6C0DD39-7066-4F12-9E27-47DCD13791EB}"
EndProject
Project("{FAE04EC0-301F-11D3-BF4B-00C04F79EFBC}") = "06-CollectionsAndGenerics", "06-CollectionsAndGenerics\06-CollectionsAndGenerics.csproj", "{ABE83A90-DA5B-4539-B6CA-BFCB70D6FDC2}"
EndProject
Global
	GlobalSection(SolutionConfigurationPlatforms) = preSolution
		Debug|Any CPU = Debug|Any CPU
		Release|Any CPU = Release|Any CPU
	EndGlobalSection
	GlobalSection(SolutionProperties) = preSolution
		HideSolutionNode = FALSE
	EndGlobalSection
	GlobalSection(ProjectConfigurationPlatforms) = postSolution
		{0A842BC2-0C85-4A53-89FF-5C9085B412CF}.Debug|Any CPU.ActiveCfg = Debug|Any CPU
		{0A842BC2-0C85-4A53-89FF-5C9085B412CF}.Debug|Any CPU.Build.0 = Debug|Any CPU
		{0A842BC2-0C85-4A53-89FF-5C9085B412CF}.Release|Any CPU.ActiveCfg = Release|Any CPU
		{0A842BC2-0C85-4A53-89FF-5C9085B412CF}.Release|Any CPU.Build.0 = Release|Any CPU
		{95121D4E-833E-48BB-83B7-32E3B5C40355}.Debug|Any CPU.ActiveCfg = Debug|Any CPU
		{95121D4E-833E-48BB-83B7-32E3B5C40355}.Debug|Any CPU.Build.0 = Debug|Any CPU
		{95121D4E-833E-48BB-83B7-32E3B5C40355}.Release|Any CPU.ActiveCfg = Release|Any CPU
		{95121D4E-833E-48BB-83B7-32E3B5C40355}.Release|Any CPU.Build.0 = Release|Any CPU
		{3905130A-DEEC-4328-AA80-726E5B4EADA6}.Debug|Any CPU.ActiveCfg = Debug|Any CPU
		{3905130A-DEEC-4328-AA80-726E5B4EADA6}.Debug|Any CPU.Build.0 = Debug|Any CPU
		{3905130A-DEEC-4328-AA80-726E5B4EADA6}.Release|Any CPU.ActiveCfg = Release|Any CPU
		{3905130A-DEEC-4328-AA80-726E5B4EADA6}.Release|Any CPU.Build.0 = Release|Any CPU
		{381FAED4-5248-43A4-A80F-B7C0651A8FB6}.Debug|Any CPU.ActiveCfg = Debug|Any CPU
		{381FAED4-5248-43A4-A80F-B7C0651A8FB6}.Debug|Any CPU.Build.0 = Debug|Any CPU
		{381FAED4-5248-43A4-A80F-B7C0651A8FB6}.Release|Any CPU.ActiveCfg = Release|Any CPU
		{381FAED4-5248-43A4-A80F-B7C0651A8FB6}.Release|Any CPU.Build.0 = Release|Any CPU
		{F6C0DD39-7066-4F12-9E27-47DCD13791EB}.Debug|Any CPU.ActiveCfg = Debug|Any CPU
		{F6C0DD39-7066-4F12-9E27-47DCD13791EB}.Debug|Any CPU.Build.0 = Debug|Any CPU
		{F6C0DD39-7066-4F12-9E27-47DCD13791EB}.Release|Any CPU.ActiveCfg = Release|Any CPU
		{F6C0DD39-7066-4F12-9E27-47DCD13791EB}.Release|Any CPU.Build.0 = Release|Any CPU
		{ABE83A90-DA5B-4539-B6CA-BFCB70D6FDC2}.Debug|Any CPU.ActiveCfg = Debug|Any CPU
		{ABE83A90-DA5B-4539-B6CA-BFCB70D6FDC2}.Debug|Any CPU.Build.0 = Debug|Any CPU
		{ABE83A90-DA5B-4539-B6CA-BFCB70D6FDC2}.Release|Any CPU.ActiveCfg = Release|Any CPU
		{ABE83A90-DA5B-4539-B6CA-BFCB70D6FDC2}.Release|Any CPU.Build.0 = Release|Any CPU
	EndGlobalSection
EndGlobal
